// !$*UTF8*$!
{
	archiveVersion = 1;
	classes = {
	};
	objectVersion = 48;
	objects = {

/* Begin PBXBuildFile section */
		18EA810C1FD86B730016177C /* User+CoreDataClass.swift in Sources */ = {isa = PBXBuildFile; fileRef = 18EA810A1FD86B730016177C /* User+CoreDataClass.swift */; };
		18EA810D1FD86B730016177C /* User+CoreDataProperties.swift in Sources */ = {isa = PBXBuildFile; fileRef = 18EA810B1FD86B730016177C /* User+CoreDataProperties.swift */; };
		18EA810F1FD86C920016177C /* UserTableViewCell.swift in Sources */ = {isa = PBXBuildFile; fileRef = 18EA810E1FD86C920016177C /* UserTableViewCell.swift */; };
		18EA81111FD86D160016177C /* DataHelper.swift in Sources */ = {isa = PBXBuildFile; fileRef = 18EA81101FD86D160016177C /* DataHelper.swift */; };
		18EFBFAC1FD861AB006C6434 /* AppDelegate.swift in Sources */ = {isa = PBXBuildFile; fileRef = 18EFBFAB1FD861AB006C6434 /* AppDelegate.swift */; };
		18EFBFAE1FD861AB006C6434 /* ViewController.swift in Sources */ = {isa = PBXBuildFile; fileRef = 18EFBFAD1FD861AB006C6434 /* ViewController.swift */; };
		18EFBFB11FD861AB006C6434 /* Main.storyboard in Resources */ = {isa = PBXBuildFile; fileRef = 18EFBFAF1FD861AB006C6434 /* Main.storyboard */; };
		18EFBFB41FD861AB006C6434 /* TicTrac.xcdatamodeld in Sources */ = {isa = PBXBuildFile; fileRef = 18EFBFB21FD861AB006C6434 /* TicTrac.xcdatamodeld */; };
		18EFBFB61FD861AB006C6434 /* Assets.xcassets in Resources */ = {isa = PBXBuildFile; fileRef = 18EFBFB51FD861AB006C6434 /* Assets.xcassets */; };
		18EFBFB91FD861AB006C6434 /* LaunchScreen.storyboard in Resources */ = {isa = PBXBuildFile; fileRef = 18EFBFB71FD861AB006C6434 /* LaunchScreen.storyboard */; };
		BAC7A15254AD588A351F7AA2 /* Pods_TicTrac.framework in Frameworks */ = {isa = PBXBuildFile; fileRef = 4F6A7103BCB5AA14EB4AACB2 /* Pods_TicTrac.framework */; };
/* End PBXBuildFile section */

/* Begin PBXFileReference section */
		18EA810A1FD86B730016177C /* User+CoreDataClass.swift */ = {isa = PBXFileReference; lastKnownFileType = sourcecode.swift; path = "User+CoreDataClass.swift"; sourceTree = "<group>"; };
		18EA810B1FD86B730016177C /* User+CoreDataProperties.swift */ = {isa = PBXFileReference; lastKnownFileType = sourcecode.swift; path = "User+CoreDataProperties.swift"; sourceTree = "<group>"; };
		18EA810E1FD86C920016177C /* UserTableViewCell.swift */ = {isa = PBXFileReference; lastKnownFileType = sourcecode.swift; path = UserTableViewCell.swift; sourceTree = "<group>"; };
		18EA81101FD86D160016177C /* DataHelper.swift */ = {isa = PBXFileReference; lastKnownFileType = sourcecode.swift; path = DataHelper.swift; sourceTree = "<group>"; };
		18EFBFA81FD861AB006C6434 /* TicTrac.app */ = {isa = PBXFileReference; explicitFileType = wrapper.application; includeInIndex = 0; path = TicTrac.app; sourceTree = BUILT_PRODUCTS_DIR; };
		18EFBFAB1FD861AB006C6434 /* AppDelegate.swift */ = {isa = PBXFileReference; lastKnownFileType = sourcecode.swift; path = AppDelegate.swift; sourceTree = "<group>"; };
		18EFBFAD1FD861AB006C6434 /* ViewController.swift */ = {isa = PBXFileReference; lastKnownFileType = sourcecode.swift; path = ViewController.swift; sourceTree = "<group>"; };
		18EFBFB01FD861AB006C6434 /* Base */ = {isa = PBXFileReference; lastKnownFileType = file.storyboard; name = Base; path = Base.lproj/Main.storyboard; sourceTree = "<group>"; };
		18EFBFB31FD861AB006C6434 /* TicTrac.xcdatamodel */ = {isa = PBXFileReference; lastKnownFileType = wrapper.xcdatamodel; path = TicTrac.xcdatamodel; sourceTree = "<group>"; };
		18EFBFB51FD861AB006C6434 /* Assets.xcassets */ = {isa = PBXFileReference; lastKnownFileType = folder.assetcatalog; path = Assets.xcassets; sourceTree = "<group>"; };
		18EFBFB81FD861AB006C6434 /* Base */ = {isa = PBXFileReference; lastKnownFileType = file.storyboard; name = Base; path = Base.lproj/LaunchScreen.storyboard; sourceTree = "<group>"; };
		18EFBFBA1FD861AB006C6434 /* Info.plist */ = {isa = PBXFileReference; lastKnownFileType = text.plist.xml; path = Info.plist; sourceTree = "<group>"; };
		26E79FB9D6258435901CB452 /* Pods-TicTrac.release.xcconfig */ = {isa = PBXFileReference; includeInIndex = 1; lastKnownFileType = text.xcconfig; name = "Pods-TicTrac.release.xcconfig"; path = "Pods/Target Support Files/Pods-TicTrac/Pods-TicTrac.release.xcconfig"; sourceTree = "<group>"; };
		2B7F924BB85417B6AD954A5E /* Pods-TicTrac.debug.xcconfig */ = {isa = PBXFileReference; includeInIndex = 1; lastKnownFileType = text.xcconfig; name = "Pods-TicTrac.debug.xcconfig"; path = "Pods/Target Support Files/Pods-TicTrac/Pods-TicTrac.debug.xcconfig"; sourceTree = "<group>"; };
		4F6A7103BCB5AA14EB4AACB2 /* Pods_TicTrac.framework */ = {isa = PBXFileReference; explicitFileType = wrapper.framework; includeInIndex = 0; path = Pods_TicTrac.framework; sourceTree = BUILT_PRODUCTS_DIR; };
/* End PBXFileReference section */

/* Begin PBXFrameworksBuildPhase section */
		18EFBFA51FD861AB006C6434 /* Frameworks */ = {
			isa = PBXFrameworksBuildPhase;
			buildActionMask = 2147483647;
			files = (
				BAC7A15254AD588A351F7AA2 /* Pods_TicTrac.framework in Frameworks */,
			);
			runOnlyForDeploymentPostprocessing = 0;
		};
/* End PBXFrameworksBuildPhase section */

/* Begin PBXGroup section */
		1697D226521208D95A347808 /* Pods */ = {
			isa = PBXGroup;
			children = (
				2B7F924BB85417B6AD954A5E /* Pods-TicTrac.debug.xcconfig */,
				26E79FB9D6258435901CB452 /* Pods-TicTrac.release.xcconfig */,
			);
			name = Pods;
			sourceTree = "<group>";
		};
		18EFBF9F1FD861AB006C6434 = {
			isa = PBXGroup;
			children = (
				18EFBFAA1FD861AB006C6434 /* TicTrac */,
				18EFBFA91FD861AB006C6434 /* Products */,
				1697D226521208D95A347808 /* Pods */,
				30392518BB2F4D98D32F9879 /* Frameworks */,
			);
			sourceTree = "<group>";
		};
		18EFBFA91FD861AB006C6434 /* Products */ = {
			isa = PBXGroup;
			children = (
				18EFBFA81FD861AB006C6434 /* TicTrac.app */,
			);
			name = Products;
			sourceTree = "<group>";
		};
		18EFBFAA1FD861AB006C6434 /* TicTrac */ = {
			isa = PBXGroup;
			children = (
				18EA810A1FD86B730016177C /* User+CoreDataClass.swift */,
				18EA810B1FD86B730016177C /* User+CoreDataProperties.swift */,
				18EFBFAB1FD861AB006C6434 /* AppDelegate.swift */,
				18EA81101FD86D160016177C /* DataHelper.swift */,
				18EFBFAD1FD861AB006C6434 /* ViewController.swift */,
				18EA810E1FD86C920016177C /* UserTableViewCell.swift */,
				18EFBFAF1FD861AB006C6434 /* Main.storyboard */,
				18EFBFB51FD861AB006C6434 /* Assets.xcassets */,
				18EFBFB71FD861AB006C6434 /* LaunchScreen.storyboard */,
				18EFBFBA1FD861AB006C6434 /* Info.plist */,
				18EFBFB21FD861AB006C6434 /* TicTrac.xcdatamodeld */,
			);
			path = TicTrac;
			sourceTree = "<group>";
		};
		30392518BB2F4D98D32F9879 /* Frameworks */ = {
			isa = PBXGroup;
			children = (
				4F6A7103BCB5AA14EB4AACB2 /* Pods_TicTrac.framework */,
			);
			name = Frameworks;
			sourceTree = "<group>";
		};
/* End PBXGroup section */

/* Begin PBXNativeTarget section */
		18EFBFA71FD861AB006C6434 /* TicTrac */ = {
			isa = PBXNativeTarget;
			buildConfigurationList = 18EFBFBD1FD861AB006C6434 /* Build configuration list for PBXNativeTarget "TicTrac" */;
			buildPhases = (
				F5FE076062D926D141246FE3 /* [CP] Check Pods Manifest.lock */,
				18EFBFA41FD861AB006C6434 /* Sources */,
				18EFBFA51FD861AB006C6434 /* Frameworks */,
				18EFBFA61FD861AB006C6434 /* Resources */,
				C4A306AE0CC516AF0CA029DA /* [CP] Embed Pods Frameworks */,
				97D106995520AB9F3E0691BF /* [CP] Copy Pods Resources */,
			);
			buildRules = (
			);
			dependencies = (
			);
			name = TicTrac;
			productName = TicTrac;
			productReference = 18EFBFA81FD861AB006C6434 /* TicTrac.app */;
			productType = "com.apple.product-type.application";
		};
/* End PBXNativeTarget section */

/* Begin PBXProject section */
		18EFBFA01FD861AB006C6434 /* Project object */ = {
			isa = PBXProject;
			attributes = {
				LastSwiftUpdateCheck = 0920;
				LastUpgradeCheck = 0920;
				ORGANIZATIONNAME = com.spcarlin;
				TargetAttributes = {
					18EFBFA71FD861AB006C6434 = {
						CreatedOnToolsVersion = 9.2;
						ProvisioningStyle = Automatic;
					};
				};
			};
			buildConfigurationList = 18EFBFA31FD861AB006C6434 /* Build configuration list for PBXProject "TicTrac" */;
			compatibilityVersion = "Xcode 8.0";
			developmentRegion = en;
			hasScannedForEncodings = 0;
			knownRegions = (
				en,
				Base,
			);
			mainGroup = 18EFBF9F1FD861AB006C6434;
			productRefGroup = 18EFBFA91FD861AB006C6434 /* Products */;
			projectDirPath = "";
			projectRoot = "";
			targets = (
				18EFBFA71FD861AB006C6434 /* TicTrac */,
			);
		};
/* End PBXProject section */

/* Begin PBXResourcesBuildPhase section */
		18EFBFA61FD861AB006C6434 /* Resources */ = {
			isa = PBXResourcesBuildPhase;
			buildActionMask = 2147483647;
			files = (
				18EFBFB91FD861AB006C6434 /* LaunchScreen.storyboard in Resources */,
				18EFBFB61FD861AB006C6434 /* Assets.xcassets in Resources */,
				18EFBFB11FD861AB006C6434 /* Main.storyboard in Resources */,
			);
			runOnlyForDeploymentPostprocessing = 0;
		};
/* End PBXResourcesBuildPhase section */

/* Begin PBXShellScriptBuildPhase section */
		97D106995520AB9F3E0691BF /* [CP] Copy Pods Resources */ = {
			isa = PBXShellScriptBuildPhase;
			buildActionMask = 2147483647;
			files = (
			);
			inputPaths = (
			);
			name = "[CP] Copy Pods Resources";
			outputPaths = (
			);
			runOnlyForDeploymentPostprocessing = 0;
			shellPath = /bin/sh;
			shellScript = "\"${SRCROOT}/Pods/Target Support Files/Pods-TicTrac/Pods-TicTrac-resources.sh\"\n";
			showEnvVarsInLog = 0;
		};
		C4A306AE0CC516AF0CA029DA /* [CP] Embed Pods Frameworks */ = {
			isa = PBXShellScriptBuildPhase;
			buildActionMask = 2147483647;
			files = (
			);
			inputPaths = (
				"${SRCROOT}/Pods/Target Support Files/Pods-TicTrac/Pods-TicTrac-frameworks.sh",
				"${BUILT_PRODUCTS_DIR}/Alamofire/Alamofire.framework",
			);
			name = "[CP] Embed Pods Frameworks";
			outputPaths = (
				"${TARGET_BUILD_DIR}/${FRAMEWORKS_FOLDER_PATH}/Alamofire.framework",
			);
			runOnlyForDeploymentPostprocessing = 0;
			shellPath = /bin/sh;
			shellScript = "\"${SRCROOT}/Pods/Target Support Files/Pods-TicTrac/Pods-TicTrac-frameworks.sh\"\n";
			showEnvVarsInLog = 0;
		};
		F5FE076062D926D141246FE3 /* [CP] Check Pods Manifest.lock */ = {
			isa = PBXShellScriptBuildPhase;
			buildActionMask = 2147483647;
			files = (
			);
			inputPaths = (
				"${PODS_PODFILE_DIR_PATH}/Podfile.lock",
				"${PODS_ROOT}/Manifest.lock",
			);
			name = "[CP] Check Pods Manifest.lock";
			outputPaths = (
				"$(DERIVED_FILE_DIR)/Pods-TicTrac-checkManifestLockResult.txt",
			);
			runOnlyForDeploymentPostprocessing = 0;
			shellPath = /bin/sh;
			shellScript = "diff \"${PODS_PODFILE_DIR_PATH}/Podfile.lock\" \"${PODS_ROOT}/Manifest.lock\" > /dev/null\nif [ $? != 0 ] ; then\n    # print error to STDERR\n    echo \"error: The sandbox is not in sync with the Podfile.lock. Run 'pod install' or update your CocoaPods installation.\" >&2\n    exit 1\nfi\n# This output is used by Xcode 'outputs' to avoid re-running this script phase.\necho \"SUCCESS\" > \"${SCRIPT_OUTPUT_FILE_0}\"\n";
			showEnvVarsInLog = 0;
		};
/* End PBXShellScriptBuildPhase section */

/* Begin PBXSourcesBuildPhase section */
		18EFBFA41FD861AB006C6434 /* Sources */ = {
			isa = PBXSourcesBuildPhase;
			buildActionMask = 2147483647;
			files = (
				18EFBFAE1FD861AB006C6434 /* ViewController.swift in Sources */,
				18EFBFB41FD861AB006C6434 /* TicTrac.xcdatamodeld in Sources */,
				18EA810C1FD86B730016177C /* User+CoreDataClass.swift in Sources */,
				18EA81111FD86D160016177C /* DataHelper.swift in Sources */,
				18EA810D1FD86B730016177C /* User+CoreDataProperties.swift in Sources */,
				18EA810F1FD86C920016177C /* UserTableViewCell.swift in Sources */,
				18EFBFAC1FD861AB006C6434 /* AppDelegate.swift in Sources */,
			);
			runOnlyForDeploymentPostprocessing = 0;
		};
/* End PBXSourcesBuildPhase section */

/* Begin PBXVariantGroup section */
		18EFBFAF1FD861AB006C6434 /* Main.storyboard */ = {
			isa = PBXVariantGroup;
			children = (
				18EFBFB01FD861AB006C6434 /* Base */,
			);
			name = Main.storyboard;
			sourceTree = "<group>";
		};
		18EFBFB71FD861AB006C6434 /* LaunchScreen.storyboard */ = {
			isa = PBXVariantGroup;
			children = (
				18EFBFB81FD861AB006C6434 /* Base */,
			);
			name = LaunchScreen.storyboard;
			sourceTree = "<group>";
		};
/* End PBXVariantGroup section */

/* Begin XCBuildConfiguration section */
		18EFBFBB1FD861AB006C6434 /* Debug */ = {
			isa = XCBuildConfiguration;
			buildSettings = {
				ALWAYS_SEARCH_USER_PATHS = NO;
				CLANG_ANALYZER_NONNULL = YES;
				CLANG_ANALYZER_NUMBER_OBJECT_CONVERSION = YES_AGGRESSIVE;
				CLANG_CXX_LANGUAGE_STANDARD = "gnu++14";
				CLANG_CXX_LIBRARY = "libc++";
				CLANG_ENABLE_MODULES = YES;
				CLANG_ENABLE_OBJC_ARC = YES;
				CLANG_WARN_BLOCK_CAPTURE_AUTORELEASING = YES;
				CLANG_WARN_BOOL_CONVERSION = YES;
				CLANG_WARN_COMMA = YES;
				CLANG_WARN_CONSTANT_CONVERSION = YES;
				CLANG_WARN_DIRECT_OBJC_ISA_USAGE = YES_ERROR;
				CLANG_WARN_DOCUMENTATION_COMMENTS = YES;
				CLANG_WARN_EMPTY_BODY = YES;
				CLANG_WARN_ENUM_CONVERSION = YES;
				CLANG_WARN_INFINITE_RECURSION = YES;
				CLANG_WARN_INT_CONVERSION = YES;
				CLANG_WARN_NON_LITERAL_NULL_CONVERSION = YES;
				CLANG_WARN_OBJC_LITERAL_CONVERSION = YES;
				CLANG_WARN_OBJC_ROOT_CLASS = YES_ERROR;
				CLANG_WARN_RANGE_LOOP_ANALYSIS = YES;
				CLANG_WARN_STRICT_PROTOTYPES = YES;
				CLANG_WARN_SUSPICIOUS_MOVE = YES;
				CLANG_WARN_UNGUARDED_AVAILABILITY = YES_AGGRESSIVE;
				CLANG_WARN_UNREACHABLE_CODE = YES;
				CLANG_WARN__DUPLICATE_METHOD_MATCH = YES;
				CODE_SIGN_IDENTITY = "iPhone Developer";
				COPY_PHASE_STRIP = NO;
				DEBUG_INFORMATION_FORMAT = dwarf;
				ENABLE_STRICT_OBJC_MSGSEND = YES;
				ENABLE_TESTABILITY = YES;
				GCC_C_LANGUAGE_STANDARD = gnu11;
				GCC_DYNAMIC_NO_PIC = NO;
				GCC_NO_COMMON_BLOCKS = YES;
				GCC_OPTIMIZATION_LEVEL = 0;
				GCC_PREPROCESSOR_DEFINITIONS = (
					"DEBUG=1",
					"$(inherited)",
				);
				GCC_WARN_64_TO_32_BIT_CONVERSION = YES;
				GCC_WARN_ABOUT_RETURN_TYPE = YES_ERROR;
				GCC_WARN_UNDECLARED_SELECTOR = YES;
				GCC_WARN_UNINITIALIZED_AUTOS = YES_AGGRESSIVE;
				GCC_WARN_UNUSED_FUNCTION = YES;
				GCC_WARN_UNUSED_VARIABLE = YES;
				IPHONEOS_DEPLOYMENT_TARGET = 11.2;
				MTL_ENABLE_DEBUG_INFO = YES;
				ONLY_ACTIVE_ARCH = YES;
				SDKROOT = iphoneos;
				SWIFT_ACTIVE_COMPILATION_CONDITIONS = DEBUG;
				SWIFT_OPTIMIZATION_LEVEL = "-Onone";
			};
			name = Debug;
		};
		18EFBFBC1FD861AB006C6434 /* Release */ = {
			isa = XCBuildConfiguration;
			buildSettings = {
				ALWAYS_SEARCH_USER_PATHS = NO;
				CLANG_ANALYZER_NONNULL = YES;
				CLANG_ANALYZER_NUMBER_OBJECT_CONVERSION = YES_AGGRESSIVE;
				CLANG_CXX_LANGUAGE_STANDARD = "gnu++14";
				CLANG_CXX_LIBRARY = "libc++";
				CLANG_ENABLE_MODULES = YES;
				CLANG_ENABLE_OBJC_ARC = YES;
				CLANG_WARN_BLOCK_CAPTURE_AUTORELEASING = YES;
				CLANG_WARN_BOOL_CONVERSION = YES;
				CLANG_WARN_COMMA = YES;
				CLANG_WARN_CONSTANT_CONVERSION = YES;
				CLANG_WARN_DIRECT_OBJC_ISA_USAGE = YES_ERROR;
				CLANG_WARN_DOCUMENTATION_COMMENTS = YES;
				CLANG_WARN_EMPTY_BODY = YES;
				CLANG_WARN_ENUM_CONVERSION = YES;
				CLANG_WARN_INFINITE_RECURSION = YES;
				CLANG_WARN_INT_CONVERSION = YES;
				CLANG_WARN_NON_LITERAL_NULL_CONVERSION = YES;
				CLANG_WARN_OBJC_LITERAL_CONVERSION = YES;
				CLANG_WARN_OBJC_ROOT_CLASS = YES_ERROR;
				CLANG_WARN_RANGE_LOOP_ANALYSIS = YES;
				CLANG_WARN_STRICT_PROTOTYPES = YES;
				CLANG_WARN_SUSPICIOUS_MOVE = YES;
				CLANG_WARN_UNGUARDED_AVAILABILITY = YES_AGGRESSIVE;
				CLANG_WARN_UNREACHABLE_CODE = YES;
				CLANG_WARN__DUPLICATE_METHOD_MATCH = YES;
				CODE_SIGN_IDENTITY = "iPhone Developer";
				COPY_PHASE_STRIP = NO;
				DEBUG_INFORMATION_FORMAT = "dwarf-with-dsym";
				ENABLE_NS_ASSERTIONS = NO;
				ENABLE_STRICT_OBJC_MSGSEND = YES;
				GCC_C_LANGUAGE_STANDARD = gnu11;
				GCC_NO_COMMON_BLOCKS = YES;
				GCC_WARN_64_TO_32_BIT_CONVERSION = YES;
				GCC_WARN_ABOUT_RETURN_TYPE = YES_ERROR;
				GCC_WARN_UNDECLARED_SELECTOR = YES;
				GCC_WARN_UNINITIALIZED_AUTOS = YES_AGGRESSIVE;
				GCC_WARN_UNUSED_FUNCTION = YES;
				GCC_WARN_UNUSED_VARIABLE = YES;
				IPHONEOS_DEPLOYMENT_TARGET = 11.2;
				MTL_ENABLE_DEBUG_INFO = NO;
				SDKROOT = iphoneos;
				SWIFT_OPTIMIZATION_LEVEL = "-Owholemodule";
				VALIDATE_PRODUCT = YES;
			};
			name = Release;
		};
		18EFBFBE1FD861AB006C6434 /* Debug */ = {
			isa = XCBuildConfiguration;
			baseConfigurationReference = 2B7F924BB85417B6AD954A5E /* Pods-TicTrac.debug.xcconfig */;
			buildSettings = {
				ASSETCATALOG_COMPILER_APPICON_NAME = AppIcon;
				CODE_SIGN_STYLE = Automatic;
				DEVELOPMENT_TEAM = UL8DEUW4R5;
				INFOPLIST_FILE = TicTrac/Info.plist;
				IPHONEOS_DEPLOYMENT_TARGET = 11.0;
				LD_RUNPATH_SEARCH_PATHS = "$(inherited) @executable_path/Frameworks";
				PRODUCT_BUNDLE_IDENTIFIER = com.spcarlin.TicTrac;
				PRODUCT_NAME = "$(TARGET_NAME)";
				SWIFT_VERSION = 4.0;
				TARGETED_DEVICE_FAMILY = "1,2";
			};
			name = Debug;
		};
		18EFBFBF1FD861AB006C6434 /* Release */ = {
			isa = XCBuildConfiguration;
			baseConfigurationReference = 26E79FB9D6258435901CB452 /* Pods-TicTrac.release.xcconfig */;
			buildSettings = {
				ASSETCATALOG_COMPILER_APPICON_NAME = AppIcon;
				CODE_SIGN_STYLE = Automatic;
				DEVELOPMENT_TEAM = UL8DEUW4R5;
				INFOPLIST_FILE = TicTrac/Info.plist;
				IPHONEOS_DEPLOYMENT_TARGET = 11.0;
				LD_RUNPATH_SEARCH_PATHS = "$(inherited) @executable_path/Frameworks";
				PRODUCT_BUNDLE_IDENTIFIER = com.spcarlin.TicTrac;
				PRODUCT_NAME = "$(TARGET_NAME)";
				SWIFT_VERSION = 4.0;
				TARGETED_DEVICE_FAMILY = "1,2";
			};
			name = Release;
		};
/* End XCBuildConfiguration section */

/* Begin XCConfigurationList section */
		18EFBFA31FD861AB006C6434 /* Build configuration list for PBXProject "TicTrac" */ = {
			isa = XCConfigurationList;
			buildConfigurations = (
				18EFBFBB1FD861AB006C6434 /* Debug */,
				18EFBFBC1FD861AB006C6434 /* Release */,
			);
			defaultConfigurationIsVisible = 0;
			defaultConfigurationName = Release;
		};
		18EFBFBD1FD861AB006C6434 /* Build configuration list for PBXNativeTarget "TicTrac" */ = {
			isa = XCConfigurationList;
			buildConfigurations = (
				18EFBFBE1FD861AB006C6434 /* Debug */,
				18EFBFBF1FD861AB006C6434 /* Release */,
			);
			defaultConfigurationIsVisible = 0;
			defaultConfigurationName = Release;
		};
/* End XCConfigurationList section */

/* Begin XCVersionGroup section */
		18EFBFB21FD861AB006C6434 /* TicTrac.xcdatamodeld */ = {
			isa = XCVersionGroup;
			children = (
				18EFBFB31FD861AB006C6434 /* TicTrac.xcdatamodel */,
			);
			currentVersion = 18EFBFB31FD861AB006C6434 /* TicTrac.xcdatamodel */;
			path = TicTrac.xcdatamodeld;
			sourceTree = "<group>";
			versionGroupType = wrapper.xcdatamodel;
		};
/* End XCVersionGroup section */
	};
	rootObject = 18EFBFA01FD861AB006C6434 /* Project object */;
}
