// !$*UTF8*$!
{
	archiveVersion = 1;
	classes = {
	};
	objectVersion = 48;
	objects = {

/* Begin PBXBuildFile section */
		18EFBFAC1FD861AB006C6434 /* AppDelegate.swift in Sources */ = {isa = PBXBuildFile; fileRef = 18EFBFAB1FD861AB006C6434 /* AppDelegate.swift */; };
		18EFBFAE1FD861AB006C6434 /* ViewController.swift in Sources */ = {isa = PBXBuildFile; fileRef = 18EFBFAD1FD861AB006C6434 /* ViewController.swift */; };
		18EFBFB11FD861AB006C6434 /* Main.storyboard in Resources */ = {isa = PBXBuildFile; fileRef = 18EFBFAF1FD861AB006C6434 /* Main.storyboard */; };
		18EFBFB41FD861AB006C6434 /* TicTrac.xcdatamodeld in Sources */ = {isa = PBXBuildFile; fileRef = 18EFBFB21FD861AB006C6434 /* TicTrac.xcdatamodeld */; };
		18EFBFB61FD861AB006C6434 /* Assets.xcassets in Resources */ = {isa = PBXBuildFile; fileRef = 18EFBFB51FD861AB006C6434 /* Assets.xcassets */; };
		18EFBFB91FD861AB006C6434 /* LaunchScreen.storyboard in Resources */ = {isa = PBXBuildFile; fileRef = 18EFBFB71FD861AB006C6434 /* LaunchScreen.storyboard */; };
/* End PBXBuildFile section */

/* Begin PBXFileReference section */
		18EFBFA81FD861AB006C6434 /* TicTrac.app */ = {isa = PBXFileReference; explicitFileType = wrapper.application; includeInIndex = 0; path = TicTrac.app; sourceTree = BUILT_PRODUCTS_DIR; };
		18EFBFAB1FD861AB006C6434 /* AppDelegate.swift */ = {isa = PBXFileReference; lastKnownFileType = sourcecode.swift; path = AppDelegate.swift; sourceTree = "<group>"; };
		18EFBFAD1FD861AB006C6434 /* ViewController.swift */ = {isa = PBXFileReference; lastKnownFileType = sourcecode.swift; path = ViewController.swift; sourceTree = "<group>"; };
		18EFBFB01FD861AB006C6434 /* Base */ = {isa = PBXFileReference; lastKnownFileType = file.storyboard; name = Base; path = Base.lproj/Main.storyboard; sourceTree = "<group>"; };
		18EFBFB31FD861AB006C6434 /* TicTrac.xcdatamodel */ = {isa = PBXFileReference; lastKnownFileType = wrapper.xcdatamodel; path = TicTrac.xcdatamodel; sourceTree = "<group>"; };
		18EFBFB51FD861AB006C6434 /* Assets.xcassets */ = {isa = PBXFileReference; lastKnownFileType = folder.assetcatalog; path = Assets.xcassets; sourceTree = "<group>"; };
		18EFBFB81FD861AB006C6434 /* Base */ = {isa = PBXFileReference; lastKnownFileType = file.storyboard; name = Base; path = Base.lproj/LaunchScreen.storyboard; sourceTree = "<group>"; };
		18EFBFBA1FD861AB006C6434 /* Info.plist */ = {isa = PBXFileReference; lastKnownFileType = text.plist.xml; path = Info.plist; sourceTree = "<group>"; };
/* End PBXFileReference section */

/* Begin PBXFrameworksBuildPhase section */
		18EFBFA51FD861AB006C6434 /* Frameworks */ = {
			isa = PBXFrameworksBuildPhase;
			buildActionMask = 2147483647;
			files = (
			);
			runOnlyForDeploymentPostprocessing = 0;
		};
/* End PBXFrameworksBuildPhase section */

/* Begin PBXGroup section */
		18EFBF9F1FD861AB006C6434 = {
			isa = PBXGroup;
			children = (
				18EFBFAA1FD861AB006C6434 /* TicTrac */,
				18EFBFA91FD861AB006C6434 /* Products */,
			);
			sourceTree = "<group>";
		};
		18EFBFA91FD861AB006C6434 /* Products */ = {
			isa = PBXGroup;
			children = (
				18EFBFA81FD861AB006C6434 /* TicTrac.app */,
			);
			name = Products;
			sourceTree = "<group>";
		};
		18EFBFAA1FD861AB006C6434 /* TicTrac */ = {
			isa = PBXGroup;
			children = (
				18EFBFAB1FD861AB006C6434 /* AppDelegate.swift */,
				18EFBFAD1FD861AB006C6434 /* ViewController.swift */,
				18EFBFAF1FD861AB006C6434 /* Main.storyboard */,
				18EFBFB51FD861AB006C6434 /* Assets.xcassets */,
				18EFBFB71FD861AB006C6434 /* LaunchScreen.storyboard */,
				18EFBFBA1FD861AB006C6434 /* Info.plist */,
				18EFBFB21FD861AB006C6434 /* TicTrac.xcdatamodeld */,
			);
			path = TicTrac;
			sourceTree = "<group>";
		};
/* End PBXGroup section */

/* Begin PBXNativeTarget section */
		18EFBFA71FD861AB006C6434 /* TicTrac */ = {
			isa = PBXNativeTarget;
			buildConfigurationList = 18EFBFBD1FD861AB006C6434 /* Build configuration list for PBXNativeTarget "TicTrac" */;
			buildPhases = (
				18EFBFA41FD861AB006C6434 /* Sources */,
				18EFBFA51FD861AB006C6434 /* Frameworks */,
				18EFBFA61FD861AB006C6434 /* Resources */,
			);
			buildRules = (
			);
			dependencies = (
			);
			name = TicTrac;
			productName = TicTrac;
			productReference = 18EFBFA81FD861AB006C6434 /* TicTrac.app */;
			productType = "com.apple.product-type.application";
		};
/* End PBXNativeTarget section */

/* Begin PBXProject section */
		18EFBFA01FD861AB006C6434 /* Project object */ = {
			isa = PBXProject;
			attributes = {
				LastSwiftUpdateCheck = 0920;
				LastUpgradeCheck = 0920;
				ORGANIZATIONNAME = com.spcarlin;
				TargetAttributes = {
					18EFBFA71FD861AB006C6434 = {
						CreatedOnToolsVersion = 9.2;
						ProvisioningStyle = Automatic;
					};
				};
			};
			buildConfigurationList = 18EFBFA31FD861AB006C6434 /* Build configuration list for PBXProject "TicTrac" */;
			compatibilityVersion = "Xcode 8.0";
			developmentRegion = en;
			hasScannedForEncodings = 0;
			knownRegions = (
				en,
				Base,
			);
			mainGroup = 18EFBF9F1FD861AB006C6434;
			productRefGroup = 18EFBFA91FD861AB006C6434 /* Products */;
			projectDirPath = "";
			projectRoot = "";
			targets = (
				18EFBFA71FD861AB006C6434 /* TicTrac */,
			);
		};
/* End PBXProject section */

/* Begin PBXResourcesBuildPhase section */
		18EFBFA61FD861AB006C6434 /* Resources */ = {
			isa = PBXResourcesBuildPhase;
			buildActionMask = 2147483647;
			files = (
				18EFBFB91FD861AB006C6434 /* LaunchScreen.storyboard in Resources */,
				18EFBFB61FD861AB006C6434 /* Assets.xcassets in Resources */,
				18EFBFB11FD861AB006C6434 /* Main.storyboard in Resources */,
			);
			runOnlyForDeploymentPostprocessing = 0;
		};
/* End PBXResourcesBuildPhase section */

/* Begin PBXSourcesBuildPhase section */
		18EFBFA41FD861AB006C6434 /* Sources */ = {
			isa = PBXSourcesBuildPhase;
			buildActionMask = 2147483647;
			files = (
				18EFBFAE1FD861AB006C6434 /* ViewController.swift in Sources */,
				18EFBFB41FD861AB006C6434 /* TicTrac.xcdatamodeld in Sources */,
				18EFBFAC1FD861AB006C6434 /* AppDelegate.swift in Sources */,
			);
			runOnlyForDeploymentPostprocessing = 0;
		};
/* End PBXSourcesBuildPhase section */

/* Begin PBXVariantGroup section */
		18EFBFAF1FD861AB006C6434 /* Main.storyboard */ = {
			isa = PBXVariantGroup;
			children = (
				18EFBFB01FD861AB006C6434 /* Base */,
			);
			name = Main.storyboard;
			sourceTree = "<group>";
		};
		18EFBFB71FD861AB006C6434 /* LaunchScreen.storyboard */ = {
			isa = PBXVariantGroup;
			children = (
				18EFBFB81FD861AB006C6434 /* Base */,
			);
			name = LaunchScreen.storyboard;
			sourceTree = "<group>";
		};
/* End PBXVariantGroup section */

/* Begin XCBuildConfiguration section */
		18EFBFBB1FD861AB006C6434 /* Debug */ = {
			isa = XCBuildConfiguration;
			buildSettings = {
				ALWAYS_SEARCH_USER_PATHS = NO;
				CLANG_ANALYZER_NONNULL = YES;
				CLANG_ANALYZER_NUMBER_OBJECT_CONVERSION = YES_AGGRESSIVE;
				CLANG_CXX_LANGUAGE_STANDARD = "gnu++14";
				CLANG_CXX_LIBRARY = "libc++";
				CLANG_ENABLE_MODULES = YES;
				CLANG_ENABLE_OBJC_ARC = YES;
				CLANG_WARN_BLOCK_CAPTURE_AUTORELEASING = YES;
				CLANG_WARN_BOOL_CONVERSION = YES;
				CLANG_WARN_COMMA = YES;
				CLANG_WARN_CONSTANT_CONVERSION = YES;
				CLANG_WARN_DIRECT_OBJC_ISA_USAGE = YES_ERROR;
				CLANG_WARN_DOCUMENTATION_COMMENTS = YES;
				CLANG_WARN_EMPTY_BODY = YES;
				CLANG_WARN_ENUM_CONVERSION = YES;
				CLANG_WARN_INFINITE_RECURSION = YES;
				CLANG_WARN_INT_CONVERSION = YES;
				CLANG_WARN_NON_LITERAL_NULL_CONVERSION = YES;
				CLANG_WARN_OBJC_LITERAL_CONVERSION = YES;
				CLANG_WARN_OBJC_ROOT_CLASS = YES_ERROR;
				CLANG_WARN_RANGE_LOOP_ANALYSIS = YES;
				CLANG_WARN_STRICT_PROTOTYPES = YES;
				CLANG_WARN_SUSPICIOUS_MOVE = YES;
				CLANG_WARN_UNGUARDED_AVAILABILITY = YES_AGGRESSIVE;
				CLANG_WARN_UNREACHABLE_CODE = YES;
				CLANG_WARN__DUPLICATE_METHOD_MATCH = YES;
				CODE_SIGN_IDENTITY = "iPhone Developer";
				COPY_PHASE_STRIP = NO;
				DEBUG_INFORMATION_FORMAT = dwarf;
				ENABLE_STRICT_OBJC_MSGSEND = YES;
				ENABLE_TESTABILITY = YES;
				GCC_C_LANGUAGE_STANDARD = gnu11;
				GCC_DYNAMIC_NO_PIC = NO;
				GCC_NO_COMMON_BLOCKS = YES;
				GCC_OPTIMIZATION_LEVEL = 0;
				GCC_PREPROCESSOR_DEFINITIONS = (
					"DEBUG=1",
					"$(inherited)",
				);
				GCC_WARN_64_TO_32_BIT_CONVERSION = YES;
				GCC_WARN_ABOUT_RETURN_TYPE = YES_ERROR;
				GCC_WARN_UNDECLARED_SELECTOR = YES;
				GCC_WARN_UNINITIALIZED_AUTOS = YES_AGGRESSIVE;
				GCC_WARN_UNUSED_FUNCTION = YES;
				GCC_WARN_UNUSED_VARIABLE = YES;
				IPHONEOS_DEPLOYMENT_TARGET = 11.2;
				MTL_ENABLE_DEBUG_INFO = YES;
				ONLY_ACTIVE_ARCH = YES;
				SDKROOT = iphoneos;
				SWIFT_ACTIVE_COMPILATION_CONDITIONS = DEBUG;
				SWIFT_OPTIMIZATION_LEVEL = "-Onone";
			};
			name = Debug;
		};
		18EFBFBC1FD861AB006C6434 /* Release */ = {
			isa = XCBuildConfiguration;
			buildSettings = {
				ALWAYS_SEARCH_USER_PATHS = NO;
				CLANG_ANALYZER_NONNULL = YES;
				CLANG_ANALYZER_NUMBER_OBJECT_CONVERSION = YES_AGGRESSIVE;
				CLANG_CXX_LANGUAGE_STANDARD = "gnu++14";
				CLANG_CXX_LIBRARY = "libc++";
				CLANG_ENABLE_MODULES = YES;
				CLANG_ENABLE_OBJC_ARC = YES;
				CLANG_WARN_BLOCK_CAPTURE_AUTORELEASING = YES;
				CLANG_WARN_BOOL_CONVERSION = YES;
				CLANG_WARN_COMMA = YES;
				CLANG_WARN_CONSTANT_CONVERSION = YES;
				CLANG_WARN_DIRECT_OBJC_ISA_USAGE = YES_ERROR;
				CLANG_WARN_DOCUMENTATION_COMMENTS = YES;
				CLANG_WARN_EMPTY_BODY = YES;
				CLANG_WARN_ENUM_CONVERSION = YES;
				CLANG_WARN_INFINITE_RECURSION = YES;
				CLANG_WARN_INT_CONVERSION = YES;
				CLANG_WARN_NON_LITERAL_NULL_CONVERSION = YES;
				CLANG_WARN_OBJC_LITERAL_CONVERSION = YES;
				CLANG_WARN_OBJC_ROOT_CLASS = YES_ERROR;
				CLANG_WARN_RANGE_LOOP_ANALYSIS = YES;
				CLANG_WARN_STRICT_PROTOTYPES = YES;
				CLANG_WARN_SUSPICIOUS_MOVE = YES;
				CLANG_WARN_UNGUARDED_AVAILABILITY = YES_AGGRESSIVE;
				CLANG_WARN_UNREACHABLE_CODE = YES;
				CLANG_WARN__DUPLICATE_METHOD_MATCH = YES;
				CODE_SIGN_IDENTITY = "iPhone Developer";
				COPY_PHASE_STRIP = NO;
				DEBUG_INFORMATION_FORMAT = "dwarf-with-dsym";
				ENABLE_NS_ASSERTIONS = NO;
				ENABLE_STRICT_OBJC_MSGSEND = YES;
				GCC_C_LANGUAGE_STANDARD = gnu11;
				GCC_NO_COMMON_BLOCKS = YES;
				GCC_WARN_64_TO_32_BIT_CONVERSION = YES;
				GCC_WARN_ABOUT_RETURN_TYPE = YES_ERROR;
				GCC_WARN_UNDECLARED_SELECTOR = YES;
				GCC_WARN_UNINITIALIZED_AUTOS = YES_AGGRESSIVE;
				GCC_WARN_UNUSED_FUNCTION = YES;
				GCC_WARN_UNUSED_VARIABLE = YES;
				IPHONEOS_DEPLOYMENT_TARGET = 11.2;
				MTL_ENABLE_DEBUG_INFO = NO;
				SDKROOT = iphoneos;
				SWIFT_OPTIMIZATION_LEVEL = "-Owholemodule";
				VALIDATE_PRODUCT = YES;
			};
			name = Release;
		};
		18EFBFBE1FD861AB006C6434 /* Debug */ = {
			isa = XCBuildConfiguration;
			buildSettings = {
				ASSETCATALOG_COMPILER_APPICON_NAME = AppIcon;
				CODE_SIGN_STYLE = Automatic;
				DEVELOPMENT_TEAM = UL8DEUW4R5;
				INFOPLIST_FILE = TicTrac/Info.plist;
				IPHONEOS_DEPLOYMENT_TARGET = 11.0;
				LD_RUNPATH_SEARCH_PATHS = "$(inherited) @executable_path/Frameworks";
				PRODUCT_BUNDLE_IDENTIFIER = com.spcarlin.TicTrac;
				PRODUCT_NAME = "$(TARGET_NAME)";
				SWIFT_VERSION = 4.0;
				TARGETED_DEVICE_FAMILY = "1,2";
			};
			name = Debug;
		};
		18EFBFBF1FD861AB006C6434 /* Release */ = {
			isa = XCBuildConfiguration;
			buildSettings = {
				ASSETCATALOG_COMPILER_APPICON_NAME = AppIcon;
				CODE_SIGN_STYLE = Automatic;
				DEVELOPMENT_TEAM = UL8DEUW4R5;
				INFOPLIST_FILE = TicTrac/Info.plist;
				IPHONEOS_DEPLOYMENT_TARGET = 11.0;
				LD_RUNPATH_SEARCH_PATHS = "$(inherited) @executable_path/Frameworks";
				PRODUCT_BUNDLE_IDENTIFIER = com.spcarlin.TicTrac;
				PRODUCT_NAME = "$(TARGET_NAME)";
				SWIFT_VERSION = 4.0;
				TARGETED_DEVICE_FAMILY = "1,2";
			};
			name = Release;
		};
/* End XCBuildConfiguration section */

/* Begin XCConfigurationList section */
		18EFBFA31FD861AB006C6434 /* Build configuration list for PBXProject "TicTrac" */ = {
			isa = XCConfigurationList;
			buildConfigurations = (
				18EFBFBB1FD861AB006C6434 /* Debug */,
				18EFBFBC1FD861AB006C6434 /* Release */,
			);
			defaultConfigurationIsVisible = 0;
			defaultConfigurationName = Release;
		};
		18EFBFBD1FD861AB006C6434 /* Build configuration list for PBXNativeTarget "TicTrac" */ = {
			isa = XCConfigurationList;
			buildConfigurations = (
				18EFBFBE1FD861AB006C6434 /* Debug */,
				18EFBFBF1FD861AB006C6434 /* Release */,
			);
			defaultConfigurationIsVisible = 0;
			defaultConfigurationName = Release;
		};
/* End XCConfigurationList section */

/* Begin XCVersionGroup section */
		18EFBFB21FD861AB006C6434 /* TicTrac.xcdatamodeld */ = {
			isa = XCVersionGroup;
			children = (
				18EFBFB31FD861AB006C6434 /* TicTrac.xcdatamodel */,
			);
			currentVersion = 18EFBFB31FD861AB006C6434 /* TicTrac.xcdatamodel */;
			path = TicTrac.xcdatamodeld;
			sourceTree = "<group>";
			versionGroupType = wrapper.xcdatamodel;
		};
/* End XCVersionGroup section */
	};
	rootObject = 18EFBFA01FD861AB006C6434 /* Project object */;
}
